
Microsoft Visual Studio Solution File, Format Version 12.00
# Visual Studio Version 17
VisualStudioVersion = 17.11.35208.52
MinimumVisualStudioVersion = 10.0.40219.1
Project("{9A19103F-16F7-4668-BE54-9A1E7A4F7556}") = "MeetYourPeople.Server", "MeetYourPeople.Server\MeetYourPeople.Server.csproj", "{C08CF5F1-E257-4049-BC20-421F1E1991D6}"
EndProject
Project("{54A90642-561A-4BB1-A94E-469ADEE60C69}") = "meetyourpeople.client", "meetyourpeople.client\meetyourpeople.client.esproj", "{2F49F1C2-478F-444B-9895-8E168B152D74}"
EndProject
Project("{FAE04EC0-301F-11D3-BF4B-00C04F79EFBC}") = "Domain", "Domain\Domain.csproj", "{F8B94FCF-1316-49F5-AD32-8E2548CD6987}"
EndProject
Project("{FAE04EC0-301F-11D3-BF4B-00C04F79EFBC}") = "DataAccess", "DataAccess\DataAccess.csproj", "{6262DC49-E6D3-4A55-863E-38753D6CFAC4}"
EndProject
Project("{FAE04EC0-301F-11D3-BF4B-00C04F79EFBC}") = "Common", "Common\Common.csproj", "{6628E282-0DF2-4D7E-B95F-EE0749985D41}"
EndProject
Global
	GlobalSection(SolutionConfigurationPlatforms) = preSolution
		Debug|Any CPU = Debug|Any CPU
		Release|Any CPU = Release|Any CPU
	EndGlobalSection
	GlobalSection(ProjectConfigurationPlatforms) = postSolution
		{C08CF5F1-E257-4049-BC20-421F1E1991D6}.Debug|Any CPU.ActiveCfg = Debug|Any CPU
		{C08CF5F1-E257-4049-BC20-421F1E1991D6}.Debug|Any CPU.Build.0 = Debug|Any CPU
		{C08CF5F1-E257-4049-BC20-421F1E1991D6}.Release|Any CPU.ActiveCfg = Release|Any CPU
		{C08CF5F1-E257-4049-BC20-421F1E1991D6}.Release|Any CPU.Build.0 = Release|Any CPU
		{2F49F1C2-478F-444B-9895-8E168B152D74}.Debug|Any CPU.ActiveCfg = Debug|Any CPU
		{2F49F1C2-478F-444B-9895-8E168B152D74}.Debug|Any CPU.Build.0 = Debug|Any CPU
		{2F49F1C2-478F-444B-9895-8E168B152D74}.Debug|Any CPU.Deploy.0 = Debug|Any CPU
		{2F49F1C2-478F-444B-9895-8E168B152D74}.Release|Any CPU.ActiveCfg = Release|Any CPU
		{2F49F1C2-478F-444B-9895-8E168B152D74}.Release|Any CPU.Build.0 = Release|Any CPU
		{2F49F1C2-478F-444B-9895-8E168B152D74}.Release|Any CPU.Deploy.0 = Release|Any CPU
		{F8B94FCF-1316-49F5-AD32-8E2548CD6987}.Debug|Any CPU.ActiveCfg = Debug|Any CPU
		{F8B94FCF-1316-49F5-AD32-8E2548CD6987}.Debug|Any CPU.Build.0 = Debug|Any CPU
		{F8B94FCF-1316-49F5-AD32-8E2548CD6987}.Release|Any CPU.ActiveCfg = Release|Any CPU
		{F8B94FCF-1316-49F5-AD32-8E2548CD6987}.Release|Any CPU.Build.0 = Release|Any CPU
		{6262DC49-E6D3-4A55-863E-38753D6CFAC4}.Debug|Any CPU.ActiveCfg = Debug|Any CPU
		{6262DC49-E6D3-4A55-863E-38753D6CFAC4}.Debug|Any CPU.Build.0 = Debug|Any CPU
		{6262DC49-E6D3-4A55-863E-38753D6CFAC4}.Release|Any CPU.ActiveCfg = Release|Any CPU
		{6262DC49-E6D3-4A55-863E-38753D6CFAC4}.Release|Any CPU.Build.0 = Release|Any CPU
		{6628E282-0DF2-4D7E-B95F-EE0749985D41}.Debug|Any CPU.ActiveCfg = Debug|Any CPU
		{6628E282-0DF2-4D7E-B95F-EE0749985D41}.Debug|Any CPU.Build.0 = Debug|Any CPU
		{6628E282-0DF2-4D7E-B95F-EE0749985D41}.Release|Any CPU.ActiveCfg = Release|Any CPU
		{6628E282-0DF2-4D7E-B95F-EE0749985D41}.Release|Any CPU.Build.0 = Release|Any CPU
	EndGlobalSection
	GlobalSection(SolutionProperties) = preSolution
		HideSolutionNode = FALSE
	EndGlobalSection
	GlobalSection(ExtensibilityGlobals) = postSolution
		SolutionGuid = {D14060B8-1A57-4C12-B4C7-2A1CFBA420F7}
	EndGlobalSection
EndGlobal
